
Microsoft Visual Studio Solution File, Format Version 12.00
# Visual Studio Version 16
VisualStudioVersion = 16.0.30717.126
MinimumVisualStudioVersion = 10.0.40219.1
Project("{FAE04EC0-301F-11D3-BF4B-00C04F79EFBC}") = "Net5Logger", "Net5Logger\Net5Logger.csproj", "{3111E7FC-1C40-4BF4-94BF-C030C8420DB6}"
EndProject
Global
	GlobalSection(SolutionConfigurationPlatforms) = preSolution
		Debug|Any CPU = Debug|Any CPU
		Release|Any CPU = Release|Any CPU
	EndGlobalSection
	GlobalSection(ProjectConfigurationPlatforms) = postSolution
		{3111E7FC-1C40-4BF4-94BF-C030C8420DB6}.Debug|Any CPU.ActiveCfg = Debug|Any CPU
		{3111E7FC-1C40-4BF4-94BF-C030C8420DB6}.Debug|Any CPU.Build.0 = Debug|Any CPU
		{3111E7FC-1C40-4BF4-94BF-C030C8420DB6}.Release|Any CPU.ActiveCfg = Release|Any CPU
		{3111E7FC-1C40-4BF4-94BF-C030C8420DB6}.Release|Any CPU.Build.0 = Release|Any CPU
	EndGlobalSection
	GlobalSection(SolutionProperties) = preSolution
		HideSolutionNode = FALSE
	EndGlobalSection
	GlobalSection(ExtensibilityGlobals) = postSolution
		SolutionGuid = {F79B61F8-55CC-49BD-84C1-874A966FBC22}
	EndGlobalSection
EndGlobal
